
Microsoft Visual Studio Solution File, Format Version 12.00
# Visual Studio 2012
Project("{FAE04EC0-301F-11D3-BF4B-00C04F79EFBC}") = "SAI-Exporter", "SAI-Exporter\SAI-Exporter.csproj", "{FA8671CC-236C-4EB1-906C-23C26B46AACF}"
EndProject
Global
	GlobalSection(SolutionConfigurationPlatforms) = preSolution
		Debug|Any CPU = Debug|Any CPU
		Release|Any CPU = Release|Any CPU
	EndGlobalSection
	GlobalSection(ProjectConfigurationPlatforms) = postSolution
		{FA8671CC-236C-4EB1-906C-23C26B46AACF}.Debug|Any CPU.ActiveCfg = Debug|Any CPU
		{FA8671CC-236C-4EB1-906C-23C26B46AACF}.Debug|Any CPU.Build.0 = Debug|Any CPU
		{FA8671CC-236C-4EB1-906C-23C26B46AACF}.Release|Any CPU.ActiveCfg = Release|Any CPU
		{FA8671CC-236C-4EB1-906C-23C26B46AACF}.Release|Any CPU.Build.0 = Release|Any CPU
	EndGlobalSection
	GlobalSection(SolutionProperties) = preSolution
		HideSolutionNode = FALSE
	EndGlobalSection
EndGlobal
